
Microsoft Visual Studio Solution File, Format Version 12.00
# Visual Studio Version 16
VisualStudioVersion = 16.0.32901.82
MinimumVisualStudioVersion = 10.0.40219.1
Project("{FAE04EC0-301F-11D3-BF4B-00C04F79EFBC}") = "Assignment1", "Assignment1\Assignment1.csproj", "{996733D6-C3A9-4FE5-9A0E-CDF2F961C00F}"
EndProject
Global
	GlobalSection(SolutionConfigurationPlatforms) = preSolution
		Debug|Any CPU = Debug|Any CPU
		Release|Any CPU = Release|Any CPU
	EndGlobalSection
	GlobalSection(ProjectConfigurationPlatforms) = postSolution
		{996733D6-C3A9-4FE5-9A0E-CDF2F961C00F}.Debug|Any CPU.ActiveCfg = Debug|Any CPU
		{996733D6-C3A9-4FE5-9A0E-CDF2F961C00F}.Debug|Any CPU.Build.0 = Debug|Any CPU
		{996733D6-C3A9-4FE5-9A0E-CDF2F961C00F}.Release|Any CPU.ActiveCfg = Release|Any CPU
		{996733D6-C3A9-4FE5-9A0E-CDF2F961C00F}.Release|Any CPU.Build.0 = Release|Any CPU
	EndGlobalSection
	GlobalSection(SolutionProperties) = preSolution
		HideSolutionNode = FALSE
	EndGlobalSection
	GlobalSection(ExtensibilityGlobals) = postSolution
		SolutionGuid = {B49514E6-A8A5-459B-B8B3-5CA08E20052D}
	EndGlobalSection
EndGlobal
